// !$*UTF8*$!
{
	archiveVersion = 1;
	classes = {
	};
	objectVersion = 56;
	objects = {

/* Begin PBXBuildFile section */
		5CCAB42029A6F87700B69D0B /* MaintenanceApp.swift in Sources */ = {isa = PBXBuildFile; fileRef = 5CCAB41F29A6F87700B69D0B /* MaintenanceApp.swift */; };
		5CCAB42229A6F87700B69D0B /* ContentView.swift in Sources */ = {isa = PBXBuildFile; fileRef = 5CCAB42129A6F87700B69D0B /* ContentView.swift */; };
		5CCAB42429A6F87A00B69D0B /* Assets.xcassets in Resources */ = {isa = PBXBuildFile; fileRef = 5CCAB42329A6F87A00B69D0B /* Assets.xcassets */; };
		5CCAB42729A6F87A00B69D0B /* Preview Assets.xcassets in Resources */ = {isa = PBXBuildFile; fileRef = 5CCAB42629A6F87A00B69D0B /* Preview Assets.xcassets */; };
		5CCAB43129A6F87B00B69D0B /* MaintenanceTests.swift in Sources */ = {isa = PBXBuildFile; fileRef = 5CCAB43029A6F87B00B69D0B /* MaintenanceTests.swift */; };
		5CCAB43B29A6F87B00B69D0B /* MaintenanceUITests.swift in Sources */ = {isa = PBXBuildFile; fileRef = 5CCAB43A29A6F87B00B69D0B /* MaintenanceUITests.swift */; };
		5CCAB43D29A6F87B00B69D0B /* MaintenanceUITestsLaunchTests.swift in Sources */ = {isa = PBXBuildFile; fileRef = 5CCAB43C29A6F87B00B69D0B /* MaintenanceUITestsLaunchTests.swift */; };
		5CCE16C229F7466B003A49E3 /* ImagePicker.swift in Sources */ = {isa = PBXBuildFile; fileRef = 5CCE16C129F7466B003A49E3 /* ImagePicker.swift */; };
		5CCE16C429F746E1003A49E3 /* LoginView.swift in Sources */ = {isa = PBXBuildFile; fileRef = 5CCE16C329F746E1003A49E3 /* LoginView.swift */; };
		5CCE16C629F74718003A49E3 /* SignUpView.swift in Sources */ = {isa = PBXBuildFile; fileRef = 5CCE16C529F74718003A49E3 /* SignUpView.swift */; };
		5CCE16C829F74740003A49E3 /* ForgotPasswordView.swift in Sources */ = {isa = PBXBuildFile; fileRef = 5CCE16C729F74740003A49E3 /* ForgotPasswordView.swift */; };
		5CCE16CA29F74755003A49E3 /* FormView.swift in Sources */ = {isa = PBXBuildFile; fileRef = 5CCE16C929F74755003A49E3 /* FormView.swift */; };
		5CCE16CC29F7477D003A49E3 /* StartOverView.swift in Sources */ = {isa = PBXBuildFile; fileRef = 5CCE16CB29F7477D003A49E3 /* StartOverView.swift */; };
/* End PBXBuildFile section */

/* Begin PBXContainerItemProxy section */
		5CCAB42D29A6F87B00B69D0B /* PBXContainerItemProxy */ = {
			isa = PBXContainerItemProxy;
			containerPortal = 5CCAB41429A6F87700B69D0B /* Project object */;
			proxyType = 1;
			remoteGlobalIDString = 5CCAB41B29A6F87700B69D0B;
			remoteInfo = Maintenance;
		};
		5CCAB43729A6F87B00B69D0B /* PBXContainerItemProxy */ = {
			isa = PBXContainerItemProxy;
			containerPortal = 5CCAB41429A6F87700B69D0B /* Project object */;
			proxyType = 1;
			remoteGlobalIDString = 5CCAB41B29A6F87700B69D0B;
			remoteInfo = Maintenance;
		};
/* End PBXContainerItemProxy section */

/* Begin PBXFileReference section */
		5C5AC70B29CBD23D005F4CF6 /* Info.plist */ = {isa = PBXFileReference; lastKnownFileType = text.plist.xml; path = Info.plist; sourceTree = "<group>"; };
		5CCAB41C29A6F87700B69D0B /* Maintenance.app */ = {isa = PBXFileReference; explicitFileType = wrapper.application; includeInIndex = 0; path = Maintenance.app; sourceTree = BUILT_PRODUCTS_DIR; };
		5CCAB41F29A6F87700B69D0B /* MaintenanceApp.swift */ = {isa = PBXFileReference; lastKnownFileType = sourcecode.swift; path = MaintenanceApp.swift; sourceTree = "<group>"; };
		5CCAB42129A6F87700B69D0B /* ContentView.swift */ = {isa = PBXFileReference; lastKnownFileType = sourcecode.swift; path = ContentView.swift; sourceTree = "<group>"; };
		5CCAB42329A6F87A00B69D0B /* Assets.xcassets */ = {isa = PBXFileReference; lastKnownFileType = folder.assetcatalog; path = Assets.xcassets; sourceTree = "<group>"; };
		5CCAB42629A6F87A00B69D0B /* Preview Assets.xcassets */ = {isa = PBXFileReference; lastKnownFileType = folder.assetcatalog; path = "Preview Assets.xcassets"; sourceTree = "<group>"; };
		5CCAB42C29A6F87B00B69D0B /* MaintenanceTests.xctest */ = {isa = PBXFileReference; explicitFileType = wrapper.cfbundle; includeInIndex = 0; path = MaintenanceTests.xctest; sourceTree = BUILT_PRODUCTS_DIR; };
		5CCAB43029A6F87B00B69D0B /* MaintenanceTests.swift */ = {isa = PBXFileReference; lastKnownFileType = sourcecode.swift; path = MaintenanceTests.swift; sourceTree = "<group>"; };
		5CCAB43629A6F87B00B69D0B /* MaintenanceUITests.xctest */ = {isa = PBXFileReference; explicitFileType = wrapper.cfbundle; includeInIndex = 0; path = MaintenanceUITests.xctest; sourceTree = BUILT_PRODUCTS_DIR; };
		5CCAB43A29A6F87B00B69D0B /* MaintenanceUITests.swift */ = {isa = PBXFileReference; lastKnownFileType = sourcecode.swift; path = MaintenanceUITests.swift; sourceTree = "<group>"; };
		5CCAB43C29A6F87B00B69D0B /* MaintenanceUITestsLaunchTests.swift */ = {isa = PBXFileReference; lastKnownFileType = sourcecode.swift; path = MaintenanceUITestsLaunchTests.swift; sourceTree = "<group>"; };
		5CCE16C129F7466B003A49E3 /* ImagePicker.swift */ = {isa = PBXFileReference; lastKnownFileType = sourcecode.swift; path = ImagePicker.swift; sourceTree = "<group>"; };
		5CCE16C329F746E1003A49E3 /* LoginView.swift */ = {isa = PBXFileReference; lastKnownFileType = sourcecode.swift; path = LoginView.swift; sourceTree = "<group>"; };
		5CCE16C529F74718003A49E3 /* SignUpView.swift */ = {isa = PBXFileReference; lastKnownFileType = sourcecode.swift; path = SignUpView.swift; sourceTree = "<group>"; };
		5CCE16C729F74740003A49E3 /* ForgotPasswordView.swift */ = {isa = PBXFileReference; lastKnownFileType = sourcecode.swift; path = ForgotPasswordView.swift; sourceTree = "<group>"; };
		5CCE16C929F74755003A49E3 /* FormView.swift */ = {isa = PBXFileReference; lastKnownFileType = sourcecode.swift; path = FormView.swift; sourceTree = "<group>"; };
		5CCE16CB29F7477D003A49E3 /* StartOverView.swift */ = {isa = PBXFileReference; lastKnownFileType = sourcecode.swift; path = StartOverView.swift; sourceTree = "<group>"; };
/* End PBXFileReference section */

/* Begin PBXFrameworksBuildPhase section */
		5CCAB41929A6F87700B69D0B /* Frameworks */ = {
			isa = PBXFrameworksBuildPhase;
			buildActionMask = 2147483647;
			files = (
			);
			runOnlyForDeploymentPostprocessing = 0;
		};
		5CCAB42929A6F87B00B69D0B /* Frameworks */ = {
			isa = PBXFrameworksBuildPhase;
			buildActionMask = 2147483647;
			files = (
			);
			runOnlyForDeploymentPostprocessing = 0;
		};
		5CCAB43329A6F87B00B69D0B /* Frameworks */ = {
			isa = PBXFrameworksBuildPhase;
			buildActionMask = 2147483647;
			files = (
			);
			runOnlyForDeploymentPostprocessing = 0;
		};
/* End PBXFrameworksBuildPhase section */

/* Begin PBXGroup section */
		5CCAB41329A6F87700B69D0B = {
			isa = PBXGroup;
			children = (
				5CCAB41E29A6F87700B69D0B /* Maintenance */,
				5CCAB42F29A6F87B00B69D0B /* MaintenanceTests */,
				5CCAB43929A6F87B00B69D0B /* MaintenanceUITests */,
				5CCAB41D29A6F87700B69D0B /* Products */,
			);
			sourceTree = "<group>";
		};
		5CCAB41D29A6F87700B69D0B /* Products */ = {
			isa = PBXGroup;
			children = (
				5CCAB41C29A6F87700B69D0B /* Maintenance.app */,
				5CCAB42C29A6F87B00B69D0B /* MaintenanceTests.xctest */,
				5CCAB43629A6F87B00B69D0B /* MaintenanceUITests.xctest */,
			);
			name = Products;
			sourceTree = "<group>";
		};
		5CCAB41E29A6F87700B69D0B /* Maintenance */ = {
			isa = PBXGroup;
			children = (
				5CCAB42129A6F87700B69D0B /* ContentView.swift */,
				5CCAB41F29A6F87700B69D0B /* MaintenanceApp.swift */,
				5CCE16C129F7466B003A49E3 /* ImagePicker.swift */,
				5CCE16CD29F74794003A49E3 /* Views */,
				5CCAB42329A6F87A00B69D0B /* Assets.xcassets */,
				5C5AC70B29CBD23D005F4CF6 /* Info.plist */,
				5CCAB42529A6F87A00B69D0B /* Preview Content */,
			);
			path = Maintenance;
			sourceTree = "<group>";
		};
		5CCAB42529A6F87A00B69D0B /* Preview Content */ = {
			isa = PBXGroup;
			children = (
				5CCAB42629A6F87A00B69D0B /* Preview Assets.xcassets */,
			);
			path = "Preview Content";
			sourceTree = "<group>";
		};
		5CCAB42F29A6F87B00B69D0B /* MaintenanceTests */ = {
			isa = PBXGroup;
			children = (
				5CCAB43029A6F87B00B69D0B /* MaintenanceTests.swift */,
			);
			path = MaintenanceTests;
			sourceTree = "<group>";
		};
		5CCAB43929A6F87B00B69D0B /* MaintenanceUITests */ = {
			isa = PBXGroup;
			children = (
				5CCAB43A29A6F87B00B69D0B /* MaintenanceUITests.swift */,
				5CCAB43C29A6F87B00B69D0B /* MaintenanceUITestsLaunchTests.swift */,
			);
			path = MaintenanceUITests;
			sourceTree = "<group>";
		};
		5CCE16CD29F74794003A49E3 /* Views */ = {
			isa = PBXGroup;
			children = (
				5CCE16C329F746E1003A49E3 /* LoginView.swift */,
				5CCE16C729F74740003A49E3 /* ForgotPasswordView.swift */,
				5CCE16C929F74755003A49E3 /* FormView.swift */,
				5CCE16C529F74718003A49E3 /* SignUpView.swift */,
				5CCE16CB29F7477D003A49E3 /* StartOverView.swift */,
			);
			path = Views;
			sourceTree = "<group>";
		};
/* End PBXGroup section */

/* Begin PBXNativeTarget section */
		5CCAB41B29A6F87700B69D0B /* Maintenance */ = {
			isa = PBXNativeTarget;
			buildConfigurationList = 5CCAB44029A6F87B00B69D0B /* Build configuration list for PBXNativeTarget "Maintenance" */;
			buildPhases = (
				5CCAB41829A6F87700B69D0B /* Sources */,
				5CCAB41929A6F87700B69D0B /* Frameworks */,
				5CCAB41A29A6F87700B69D0B /* Resources */,
			);
			buildRules = (
			);
			dependencies = (
			);
			name = Maintenance;
			productName = Maintenance;
			productReference = 5CCAB41C29A6F87700B69D0B /* Maintenance.app */;
			productType = "com.apple.product-type.application";
		};
		5CCAB42B29A6F87B00B69D0B /* MaintenanceTests */ = {
			isa = PBXNativeTarget;
			buildConfigurationList = 5CCAB44329A6F87B00B69D0B /* Build configuration list for PBXNativeTarget "MaintenanceTests" */;
			buildPhases = (
				5CCAB42829A6F87B00B69D0B /* Sources */,
				5CCAB42929A6F87B00B69D0B /* Frameworks */,
				5CCAB42A29A6F87B00B69D0B /* Resources */,
			);
			buildRules = (
			);
			dependencies = (
				5CCAB42E29A6F87B00B69D0B /* PBXTargetDependency */,
			);
			name = MaintenanceTests;
			productName = MaintenanceTests;
			productReference = 5CCAB42C29A6F87B00B69D0B /* MaintenanceTests.xctest */;
			productType = "com.apple.product-type.bundle.unit-test";
		};
		5CCAB43529A6F87B00B69D0B /* MaintenanceUITests */ = {
			isa = PBXNativeTarget;
			buildConfigurationList = 5CCAB44629A6F87B00B69D0B /* Build configuration list for PBXNativeTarget "MaintenanceUITests" */;
			buildPhases = (
				5CCAB43229A6F87B00B69D0B /* Sources */,
				5CCAB43329A6F87B00B69D0B /* Frameworks */,
				5CCAB43429A6F87B00B69D0B /* Resources */,
			);
			buildRules = (
			);
			dependencies = (
				5CCAB43829A6F87B00B69D0B /* PBXTargetDependency */,
			);
			name = MaintenanceUITests;
			productName = MaintenanceUITests;
			productReference = 5CCAB43629A6F87B00B69D0B /* MaintenanceUITests.xctest */;
			productType = "com.apple.product-type.bundle.ui-testing";
		};
/* End PBXNativeTarget section */

/* Begin PBXProject section */
		5CCAB41429A6F87700B69D0B /* Project object */ = {
			isa = PBXProject;
			attributes = {
				BuildIndependentTargetsInParallel = 1;
				LastSwiftUpdateCheck = 1420;
				LastUpgradeCheck = 1420;
				TargetAttributes = {
					5CCAB41B29A6F87700B69D0B = {
						CreatedOnToolsVersion = 14.2;
					};
					5CCAB42B29A6F87B00B69D0B = {
						CreatedOnToolsVersion = 14.2;
						TestTargetID = 5CCAB41B29A6F87700B69D0B;
					};
					5CCAB43529A6F87B00B69D0B = {
						CreatedOnToolsVersion = 14.2;
						TestTargetID = 5CCAB41B29A6F87700B69D0B;
					};
				};
			};
			buildConfigurationList = 5CCAB41729A6F87700B69D0B /* Build configuration list for PBXProject "Maintenance" */;
			compatibilityVersion = "Xcode 14.0";
			developmentRegion = en;
			hasScannedForEncodings = 0;
			knownRegions = (
				en,
				Base,
			);
			mainGroup = 5CCAB41329A6F87700B69D0B;
			productRefGroup = 5CCAB41D29A6F87700B69D0B /* Products */;
			projectDirPath = "";
			projectRoot = "";
			targets = (
				5CCAB41B29A6F87700B69D0B /* Maintenance */,
				5CCAB42B29A6F87B00B69D0B /* MaintenanceTests */,
				5CCAB43529A6F87B00B69D0B /* MaintenanceUITests */,
			);
		};
/* End PBXProject section */

/* Begin PBXResourcesBuildPhase section */
		5CCAB41A29A6F87700B69D0B /* Resources */ = {
			isa = PBXResourcesBuildPhase;
			buildActionMask = 2147483647;
			files = (
				5CCAB42729A6F87A00B69D0B /* Preview Assets.xcassets in Resources */,
				5CCAB42429A6F87A00B69D0B /* Assets.xcassets in Resources */,
			);
			runOnlyForDeploymentPostprocessing = 0;
		};
		5CCAB42A29A6F87B00B69D0B /* Resources */ = {
			isa = PBXResourcesBuildPhase;
			buildActionMask = 2147483647;
			files = (
			);
			runOnlyForDeploymentPostprocessing = 0;
		};
		5CCAB43429A6F87B00B69D0B /* Resources */ = {
			isa = PBXResourcesBuildPhase;
			buildActionMask = 2147483647;
			files = (
			);
			runOnlyForDeploymentPostprocessing = 0;
		};
/* End PBXResourcesBuildPhase section */

/* Begin PBXSourcesBuildPhase section */
		5CCAB41829A6F87700B69D0B /* Sources */ = {
			isa = PBXSourcesBuildPhase;
			buildActionMask = 2147483647;
			files = (
				5CCE16C229F7466B003A49E3 /* ImagePicker.swift in Sources */,
				5CCE16C629F74718003A49E3 /* SignUpView.swift in Sources */,
				5CCE16CA29F74755003A49E3 /* FormView.swift in Sources */,
				5CCE16CC29F7477D003A49E3 /* StartOverView.swift in Sources */,
				5CCAB42229A6F87700B69D0B /* ContentView.swift in Sources */,
				5CCE16C429F746E1003A49E3 /* LoginView.swift in Sources */,
				5CCE16C829F74740003A49E3 /* ForgotPasswordView.swift in Sources */,
				5CCAB42029A6F87700B69D0B /* MaintenanceApp.swift in Sources */,
			);
			runOnlyForDeploymentPostprocessing = 0;
		};
		5CCAB42829A6F87B00B69D0B /* Sources */ = {
			isa = PBXSourcesBuildPhase;
			buildActionMask = 2147483647;
			files = (
				5CCAB43129A6F87B00B69D0B /* MaintenanceTests.swift in Sources */,
			);
			runOnlyForDeploymentPostprocessing = 0;
		};
		5CCAB43229A6F87B00B69D0B /* Sources */ = {
			isa = PBXSourcesBuildPhase;
			buildActionMask = 2147483647;
			files = (
				5CCAB43D29A6F87B00B69D0B /* MaintenanceUITestsLaunchTests.swift in Sources */,
				5CCAB43B29A6F87B00B69D0B /* MaintenanceUITests.swift in Sources */,
			);
			runOnlyForDeploymentPostprocessing = 0;
		};
/* End PBXSourcesBuildPhase section */

/* Begin PBXTargetDependency section */
		5CCAB42E29A6F87B00B69D0B /* PBXTargetDependency */ = {
			isa = PBXTargetDependency;
			target = 5CCAB41B29A6F87700B69D0B /* Maintenance */;
			targetProxy = 5CCAB42D29A6F87B00B69D0B /* PBXContainerItemProxy */;
		};
		5CCAB43829A6F87B00B69D0B /* PBXTargetDependency */ = {
			isa = PBXTargetDependency;
			target = 5CCAB41B29A6F87700B69D0B /* Maintenance */;
			targetProxy = 5CCAB43729A6F87B00B69D0B /* PBXContainerItemProxy */;
		};
/* End PBXTargetDependency section */

/* Begin XCBuildConfiguration section */
		5CCAB43E29A6F87B00B69D0B /* Debug */ = {
			isa = XCBuildConfiguration;
			buildSettings = {
				ALWAYS_SEARCH_USER_PATHS = NO;
				CLANG_ANALYZER_NONNULL = YES;
				CLANG_ANALYZER_NUMBER_OBJECT_CONVERSION = YES_AGGRESSIVE;
				CLANG_CXX_LANGUAGE_STANDARD = "gnu++20";
				CLANG_ENABLE_MODULES = YES;
				CLANG_ENABLE_OBJC_ARC = YES;
				CLANG_ENABLE_OBJC_WEAK = YES;
				CLANG_WARN_BLOCK_CAPTURE_AUTORELEASING = YES;
				CLANG_WARN_BOOL_CONVERSION = YES;
				CLANG_WARN_COMMA = YES;
				CLANG_WARN_CONSTANT_CONVERSION = YES;
				CLANG_WARN_DEPRECATED_OBJC_IMPLEMENTATIONS = YES;
				CLANG_WARN_DIRECT_OBJC_ISA_USAGE = YES_ERROR;
				CLANG_WARN_DOCUMENTATION_COMMENTS = YES;
				CLANG_WARN_EMPTY_BODY = YES;
				CLANG_WARN_ENUM_CONVERSION = YES;
				CLANG_WARN_INFINITE_RECURSION = YES;
				CLANG_WARN_INT_CONVERSION = YES;
				CLANG_WARN_NON_LITERAL_NULL_CONVERSION = YES;
				CLANG_WARN_OBJC_IMPLICIT_RETAIN_SELF = YES;
				CLANG_WARN_OBJC_LITERAL_CONVERSION = YES;
				CLANG_WARN_OBJC_ROOT_CLASS = YES_ERROR;
				CLANG_WARN_QUOTED_INCLUDE_IN_FRAMEWORK_HEADER = YES;
				CLANG_WARN_RANGE_LOOP_ANALYSIS = YES;
				CLANG_WARN_STRICT_PROTOTYPES = YES;
				CLANG_WARN_SUSPICIOUS_MOVE = YES;
				CLANG_WARN_UNGUARDED_AVAILABILITY = YES_AGGRESSIVE;
				CLANG_WARN_UNREACHABLE_CODE = YES;
				CLANG_WARN__DUPLICATE_METHOD_MATCH = YES;
				COPY_PHASE_STRIP = NO;
				DEBUG_INFORMATION_FORMAT = dwarf;
				ENABLE_STRICT_OBJC_MSGSEND = YES;
				ENABLE_TESTABILITY = YES;
				GCC_C_LANGUAGE_STANDARD = gnu11;
				GCC_DYNAMIC_NO_PIC = NO;
				GCC_NO_COMMON_BLOCKS = YES;
				GCC_OPTIMIZATION_LEVEL = 0;
				GCC_PREPROCESSOR_DEFINITIONS = (
					"DEBUG=1",
					"$(inherited)",
				);
				GCC_WARN_64_TO_32_BIT_CONVERSION = YES;
				GCC_WARN_ABOUT_RETURN_TYPE = YES_ERROR;
				GCC_WARN_UNDECLARED_SELECTOR = YES;
				GCC_WARN_UNINITIALIZED_AUTOS = YES_AGGRESSIVE;
				GCC_WARN_UNUSED_FUNCTION = YES;
				GCC_WARN_UNUSED_VARIABLE = YES;
				IPHONEOS_DEPLOYMENT_TARGET = 16.2;
				MTL_ENABLE_DEBUG_INFO = INCLUDE_SOURCE;
				MTL_FAST_MATH = YES;
				ONLY_ACTIVE_ARCH = YES;
				SDKROOT = iphoneos;
				SWIFT_ACTIVE_COMPILATION_CONDITIONS = DEBUG;
				SWIFT_OPTIMIZATION_LEVEL = "-Onone";
			};
			name = Debug;
		};
		5CCAB43F29A6F87B00B69D0B /* Release */ = {
			isa = XCBuildConfiguration;
			buildSettings = {
				ALWAYS_SEARCH_USER_PATHS = NO;
				CLANG_ANALYZER_NONNULL = YES;
				CLANG_ANALYZER_NUMBER_OBJECT_CONVERSION = YES_AGGRESSIVE;
				CLANG_CXX_LANGUAGE_STANDARD = "gnu++20";
				CLANG_ENABLE_MODULES = YES;
				CLANG_ENABLE_OBJC_ARC = YES;
				CLANG_ENABLE_OBJC_WEAK = YES;
				CLANG_WARN_BLOCK_CAPTURE_AUTORELEASING = YES;
				CLANG_WARN_BOOL_CONVERSION = YES;
				CLANG_WARN_COMMA = YES;
				CLANG_WARN_CONSTANT_CONVERSION = YES;
				CLANG_WARN_DEPRECATED_OBJC_IMPLEMENTATIONS = YES;
				CLANG_WARN_DIRECT_OBJC_ISA_USAGE = YES_ERROR;
				CLANG_WARN_DOCUMENTATION_COMMENTS = YES;
				CLANG_WARN_EMPTY_BODY = YES;
				CLANG_WARN_ENUM_CONVERSION = YES;
				CLANG_WARN_INFINITE_RECURSION = YES;
				CLANG_WARN_INT_CONVERSION = YES;
				CLANG_WARN_NON_LITERAL_NULL_CONVERSION = YES;
				CLANG_WARN_OBJC_IMPLICIT_RETAIN_SELF = YES;
				CLANG_WARN_OBJC_LITERAL_CONVERSION = YES;
				CLANG_WARN_OBJC_ROOT_CLASS = YES_ERROR;
				CLANG_WARN_QUOTED_INCLUDE_IN_FRAMEWORK_HEADER = YES;
				CLANG_WARN_RANGE_LOOP_ANALYSIS = YES;
				CLANG_WARN_STRICT_PROTOTYPES = YES;
				CLANG_WARN_SUSPICIOUS_MOVE = YES;
				CLANG_WARN_UNGUARDED_AVAILABILITY = YES_AGGRESSIVE;
				CLANG_WARN_UNREACHABLE_CODE = YES;
				CLANG_WARN__DUPLICATE_METHOD_MATCH = YES;
				COPY_PHASE_STRIP = NO;
				DEBUG_INFORMATION_FORMAT = "dwarf-with-dsym";
				ENABLE_NS_ASSERTIONS = NO;
				ENABLE_STRICT_OBJC_MSGSEND = YES;
				GCC_C_LANGUAGE_STANDARD = gnu11;
				GCC_NO_COMMON_BLOCKS = YES;
				GCC_WARN_64_TO_32_BIT_CONVERSION = YES;
				GCC_WARN_ABOUT_RETURN_TYPE = YES_ERROR;
				GCC_WARN_UNDECLARED_SELECTOR = YES;
				GCC_WARN_UNINITIALIZED_AUTOS = YES_AGGRESSIVE;
				GCC_WARN_UNUSED_FUNCTION = YES;
				GCC_WARN_UNUSED_VARIABLE = YES;
				IPHONEOS_DEPLOYMENT_TARGET = 16.2;
				MTL_ENABLE_DEBUG_INFO = NO;
				MTL_FAST_MATH = YES;
				SDKROOT = iphoneos;
				SWIFT_COMPILATION_MODE = wholemodule;
				SWIFT_OPTIMIZATION_LEVEL = "-O";
				VALIDATE_PRODUCT = YES;
			};
			name = Release;
		};
		5CCAB44129A6F87B00B69D0B /* Debug */ = {
			isa = XCBuildConfiguration;
			buildSettings = {
				ASSETCATALOG_COMPILER_APPICON_NAME = AppIcon;
				ASSETCATALOG_COMPILER_GLOBAL_ACCENT_COLOR_NAME = AccentColor;
				CODE_SIGN_STYLE = Automatic;
				CURRENT_PROJECT_VERSION = 1;
				DEVELOPMENT_ASSET_PATHS = "\"Maintenance/Preview Content\"";
				ENABLE_PREVIEWS = YES;
				GENERATE_INFOPLIST_FILE = YES;
				INFOPLIST_KEY_UIApplicationSceneManifest_Generation = YES;
				INFOPLIST_KEY_UIApplicationSupportsIndirectInputEvents = YES;
				INFOPLIST_KEY_UILaunchScreen_Generation = YES;
				INFOPLIST_KEY_UISupportedInterfaceOrientations_iPad = "UIInterfaceOrientationPortrait UIInterfaceOrientationPortraitUpsideDown UIInterfaceOrientationLandscapeLeft UIInterfaceOrientationLandscapeRight";
				INFOPLIST_KEY_UISupportedInterfaceOrientations_iPhone = "UIInterfaceOrientationPortrait UIInterfaceOrientationLandscapeLeft UIInterfaceOrientationLandscapeRight";
				LD_RUNPATH_SEARCH_PATHS = (
					"$(inherited)",
					"@executable_path/Frameworks",
				);
				MARKETING_VERSION = 1.0;
				PRODUCT_BUNDLE_IDENTIFIER = final.Maintenance;
				PRODUCT_NAME = "$(TARGET_NAME)";
				SWIFT_EMIT_LOC_STRINGS = YES;
				SWIFT_VERSION = 5.0;
				TARGETED_DEVICE_FAMILY = "1,2";
			};
			name = Debug;
		};
		5CCAB44229A6F87B00B69D0B /* Release */ = {
			isa = XCBuildConfiguration;
			buildSettings = {
				ASSETCATALOG_COMPILER_APPICON_NAME = AppIcon;
				ASSETCATALOG_COMPILER_GLOBAL_ACCENT_COLOR_NAME = AccentColor;
				CODE_SIGN_STYLE = Automatic;
				CURRENT_PROJECT_VERSION = 1;
				DEVELOPMENT_ASSET_PATHS = "\"Maintenance/Preview Content\"";
				ENABLE_PREVIEWS = YES;
				GENERATE_INFOPLIST_FILE = YES;
				INFOPLIST_KEY_UIApplicationSceneManifest_Generation = YES;
				INFOPLIST_KEY_UIApplicationSupportsIndirectInputEvents = YES;
				INFOPLIST_KEY_UILaunchScreen_Generation = YES;
				INFOPLIST_KEY_UISupportedInterfaceOrientations_iPad = "UIInterfaceOrientationPortrait UIInterfaceOrientationPortraitUpsideDown UIInterfaceOrientationLandscapeLeft UIInterfaceOrientationLandscapeRight";
				INFOPLIST_KEY_UISupportedInterfaceOrientations_iPhone = "UIInterfaceOrientationPortrait UIInterfaceOrientationLandscapeLeft UIInterfaceOrientationLandscapeRight";
				LD_RUNPATH_SEARCH_PATHS = (
					"$(inherited)",
					"@executable_path/Frameworks",
				);
				MARKETING_VERSION = 1.0;
				PRODUCT_BUNDLE_IDENTIFIER = final.Maintenance;
				PRODUCT_NAME = "$(TARGET_NAME)";
				SWIFT_EMIT_LOC_STRINGS = YES;
				SWIFT_VERSION = 5.0;
				TARGETED_DEVICE_FAMILY = "1,2";
			};
			name = Release;
		};
		5CCAB44429A6F87B00B69D0B /* Debug */ = {
			isa = XCBuildConfiguration;
			buildSettings = {
				ALWAYS_EMBED_SWIFT_STANDARD_LIBRARIES = YES;
				BUNDLE_LOADER = "$(TEST_HOST)";
				CODE_SIGN_STYLE = Automatic;
				CURRENT_PROJECT_VERSION = 1;
				GENERATE_INFOPLIST_FILE = YES;
				IPHONEOS_DEPLOYMENT_TARGET = 16.2;
				MARKETING_VERSION = 1.0;
				PRODUCT_BUNDLE_IDENTIFIER = final.MaintenanceTests;
				PRODUCT_NAME = "$(TARGET_NAME)";
				SWIFT_EMIT_LOC_STRINGS = NO;
				SWIFT_VERSION = 5.0;
				TARGETED_DEVICE_FAMILY = "1,2";
				TEST_HOST = "$(BUILT_PRODUCTS_DIR)/Maintenance.app/$(BUNDLE_EXECUTABLE_FOLDER_PATH)/Maintenance";
			};
			name = Debug;
		};
		5CCAB44529A6F87B00B69D0B /* Release */ = {
			isa = XCBuildConfiguration;
			buildSettings = {
				ALWAYS_EMBED_SWIFT_STANDARD_LIBRARIES = YES;
				BUNDLE_LOADER = "$(TEST_HOST)";
				CODE_SIGN_STYLE = Automatic;
				CURRENT_PROJECT_VERSION = 1;
				GENERATE_INFOPLIST_FILE = YES;
				IPHONEOS_DEPLOYMENT_TARGET = 16.2;
				MARKETING_VERSION = 1.0;
				PRODUCT_BUNDLE_IDENTIFIER = final.MaintenanceTests;
				PRODUCT_NAME = "$(TARGET_NAME)";
				SWIFT_EMIT_LOC_STRINGS = NO;
				SWIFT_VERSION = 5.0;
				TARGETED_DEVICE_FAMILY = "1,2";
				TEST_HOST = "$(BUILT_PRODUCTS_DIR)/Maintenance.app/$(BUNDLE_EXECUTABLE_FOLDER_PATH)/Maintenance";
			};
			name = Release;
		};
		5CCAB44729A6F87B00B69D0B /* Debug */ = {
			isa = XCBuildConfiguration;
			buildSettings = {
				ALWAYS_EMBED_SWIFT_STANDARD_LIBRARIES = YES;
				CODE_SIGN_STYLE = Automatic;
				CURRENT_PROJECT_VERSION = 1;
				GENERATE_INFOPLIST_FILE = YES;
				MARKETING_VERSION = 1.0;
				PRODUCT_BUNDLE_IDENTIFIER = final.MaintenanceUITests;
				PRODUCT_NAME = "$(TARGET_NAME)";
				SWIFT_EMIT_LOC_STRINGS = NO;
				SWIFT_VERSION = 5.0;
				TARGETED_DEVICE_FAMILY = "1,2";
				TEST_TARGET_NAME = Maintenance;
			};
			name = Debug;
		};
		5CCAB44829A6F87B00B69D0B /* Release */ = {
			isa = XCBuildConfiguration;
			buildSettings = {
				ALWAYS_EMBED_SWIFT_STANDARD_LIBRARIES = YES;
				CODE_SIGN_STYLE = Automatic;
				CURRENT_PROJECT_VERSION = 1;
				GENERATE_INFOPLIST_FILE = YES;
				MARKETING_VERSION = 1.0;
				PRODUCT_BUNDLE_IDENTIFIER = final.MaintenanceUITests;
				PRODUCT_NAME = "$(TARGET_NAME)";
				SWIFT_EMIT_LOC_STRINGS = NO;
				SWIFT_VERSION = 5.0;
				TARGETED_DEVICE_FAMILY = "1,2";
				TEST_TARGET_NAME = Maintenance;
			};
			name = Release;
		};
/* End XCBuildConfiguration section */

/* Begin XCConfigurationList section */
		5CCAB41729A6F87700B69D0B /* Build configuration list for PBXProject "Maintenance" */ = {
			isa = XCConfigurationList;
			buildConfigurations = (
				5CCAB43E29A6F87B00B69D0B /* Debug */,
				5CCAB43F29A6F87B00B69D0B /* Release */,
			);
			defaultConfigurationIsVisible = 0;
			defaultConfigurationName = Release;
		};
		5CCAB44029A6F87B00B69D0B /* Build configuration list for PBXNativeTarget "Maintenance" */ = {
			isa = XCConfigurationList;
			buildConfigurations = (
				5CCAB44129A6F87B00B69D0B /* Debug */,
				5CCAB44229A6F87B00B69D0B /* Release */,
			);
			defaultConfigurationIsVisible = 0;
			defaultConfigurationName = Release;
		};
		5CCAB44329A6F87B00B69D0B /* Build configuration list for PBXNativeTarget "MaintenanceTests" */ = {
			isa = XCConfigurationList;
			buildConfigurations = (
				5CCAB44429A6F87B00B69D0B /* Debug */,
				5CCAB44529A6F87B00B69D0B /* Release */,
			);
			defaultConfigurationIsVisible = 0;
			defaultConfigurationName = Release;
		};
		5CCAB44629A6F87B00B69D0B /* Build configuration list for PBXNativeTarget "MaintenanceUITests" */ = {
			isa = XCConfigurationList;
			buildConfigurations = (
				5CCAB44729A6F87B00B69D0B /* Debug */,
				5CCAB44829A6F87B00B69D0B /* Release */,
			);
			defaultConfigurationIsVisible = 0;
			defaultConfigurationName = Release;
		};
/* End XCConfigurationList section */
	};
	rootObject = 5CCAB41429A6F87700B69D0B /* Project object */;
}
